github.com/fsnotify/fsnotify v1.9.0 h1:2Ml+OJNzbYCTzsxtv8vKSFD9PbJjmhYF14k/jKC7S9k=
github.com/fsnotify/fsnotify v1.9.0/go.mod h1:8jBTzvmWwFyi3Pb8djgCCO5IBqzKJ/Jwo8TRcHyHii0=
github.com/sewnie/rbxbin v0.0.0-20250806104726-6336cb47e0e4 h1:AmI8A+vPGhaQDVrBuUnrLS7Hv7FTNOru9mqkcRgX1ro=
github.com/sewnie/rbxbin v0.0.0-20250806104726-6336cb47e0e4/go.mod h1:qEKWzqRZh6Pw/pmbQ5TelGW3m+Or62wvfFa42J/CJcA=
github.com/sewnie/rbxweb v0.0.0-20250805203536-3c4ff55688fb h1:ApxSL161R8Gj4bp8dfksQmLMD2eQBJfjIvu856xcyyc=
github.com/sewnie/rbxweb v0.0.0-20250805203536-3c4ff55688fb/go.mod h1:nSfgVAspLMsixAWAfuTXAjBsiTyMchPxTx+jD3TrM20=
golang.org/x/sync v0.16.0 h1:ycBJEhp9p4vXvUZNszeOq0kGTPghopOL8q0fq3vstxw=
golang.org/x/sync v0.16.0/go.mod h1:1dzgHSNfp02xaA81J2MS99Qcpr2w7fw1gpm99rleRqA=
golang.org/x/sys v0.34.0 h1:H5Y5sJ2L2JRdyv7ROF1he/lPdvFsd0mJHFw2ThKHxLA=
golang.org/x/sys v0.34.0/go.mod h1:BJP2sWEmIv4KK5OTEluFJCKSidICx8ciO85XgH3Ak8k=
